
Microsoft Visual Studio Solution File, Format Version 12.00
# Visual Studio 15
VisualStudioVersion = 15.0.28307.2092
MinimumVisualStudioVersion = 10.0.40219.1
Project("{2150E333-8FDC-42A3-9474-1A3956D46DE8}") = "дз1", "дз1", "{59B97C9F-3477-4BB9-997A-C44E0D8F75FD}"
EndProject
Project("{8BC9CEB8-8B4A-11D0-8D11-00A0C91BC942}") = "задача 1", "дз1\задача 1\задача 1.vcxproj", "{5203008E-DBA2-4106-B414-E3A5A0C9B6F6}"
EndProject
Project("{8BC9CEB8-8B4A-11D0-8D11-00A0C91BC942}") = "задача 2", "дз1\задача 2\задача 2.vcxproj", "{F6E7F9E6-7406-44E0-827B-CA529BC1D0F2}"
EndProject
Project("{8BC9CEB8-8B4A-11D0-8D11-00A0C91BC942}") = "задача 3", "дз1\задача 3\задача 3.vcxproj", "{A9E73D16-EB90-487E-B75E-1471A1B0EB06}"
EndProject
Project("{8BC9CEB8-8B4A-11D0-8D11-00A0C91BC942}") = "задача 4", "дз1\задача 4\задача 4.vcxproj", "{B2FD197F-6D38-453C-A625-A33DE7AFEA22}"
EndProject
Project("{8BC9CEB8-8B4A-11D0-8D11-00A0C91BC942}") = "задача 5", "дз1\задача 5\задача 5.vcxproj", "{2ECA33B4-0C34-4DF7-AB49-4859968454D4}"
EndProject
Project("{2150E333-8FDC-42A3-9474-1A3956D46DE8}") = "дз2", "дз2", "{4B94E9F5-6561-404B-B050-5240F3BC5451}"
EndProject
Project("{8BC9CEB8-8B4A-11D0-8D11-00A0C91BC942}") = "задача 1", "дз2\задача 1\задача 1.vcxproj", "{8D81CA4B-FED4-424B-AB54-93F3EAF4E40F}"
EndProject
Project("{8BC9CEB8-8B4A-11D0-8D11-00A0C91BC942}") = "задача 2", "дз2\задача 2\задача 2.vcxproj", "{640C39DC-CF7A-4946-B06E-D2F5635C2BA5}"
EndProject
Project("{8BC9CEB8-8B4A-11D0-8D11-00A0C91BC942}") = "задача 3", "дз2\задача 3\задача 3.vcxproj", "{F7762E3A-26BD-4719-943B-F5BD9A8A09A0}"
EndProject
Project("{8BC9CEB8-8B4A-11D0-8D11-00A0C91BC942}") = "задача 4", "дз2\задача 4\задача 4.vcxproj", "{82C18DCD-8A08-41B4-B253-E756B4F5DF43}"
EndProject
Project("{8BC9CEB8-8B4A-11D0-8D11-00A0C91BC942}") = "задача 5", "дз2\задача 5\задача 5.vcxproj", "{0BC6B5E5-3B3C-42DC-A630-E8452A50E670}"
EndProject
Project("{2150E333-8FDC-42A3-9474-1A3956D46DE8}") = "дз3", "дз3", "{D4F31786-7249-4272-BDA3-A11ADCAC04C8}"
EndProject
Project("{8BC9CEB8-8B4A-11D0-8D11-00A0C91BC942}") = "задача 1", "дз3\задача 1\задача 1.vcxproj", "{7898DB78-22AE-43D3-B60A-55AAA17B746E}"
EndProject
Project("{8BC9CEB8-8B4A-11D0-8D11-00A0C91BC942}") = "задача 3", "дз3\задача 3\задача 3.vcxproj", "{BF1E15D4-671F-4266-9820-62333F10D5D6}"
EndProject
Project("{8BC9CEB8-8B4A-11D0-8D11-00A0C91BC942}") = "задача 4", "дз3\задача 4\задача 4.vcxproj", "{55197E65-A53A-490B-8D59-45F0CC69FB18}"
EndProject
Project("{8BC9CEB8-8B4A-11D0-8D11-00A0C91BC942}") = "задача 5", "дз3\задача 5\задача 5.vcxproj", "{9A484051-8A88-4425-BF06-2DBF32537056}"
EndProject
Project("{8BC9CEB8-8B4A-11D0-8D11-00A0C91BC942}") = "задача 2", "дз3\задача 2\задача 2.vcxproj", "{7537219D-5CC3-4AF2-B349-07127670DAD9}"
EndProject
Project("{2150E333-8FDC-42A3-9474-1A3956D46DE8}") = "дз4", "дз4", "{16366A71-000D-4140-BF56-41291F6402D1}"
EndProject
Project("{8BC9CEB8-8B4A-11D0-8D11-00A0C91BC942}") = "1", "дз4\1\1.vcxproj", "{52949FFD-E983-402A-8729-6C9F9F65F56D}"
EndProject
Project("{8BC9CEB8-8B4A-11D0-8D11-00A0C91BC942}") = "2", "дз4\2\2.vcxproj", "{2FDD77BC-DB8E-42CE-B131-0C3E876917BD}"
EndProject
Project("{8BC9CEB8-8B4A-11D0-8D11-00A0C91BC942}") = "3", "дз4\3\3.vcxproj", "{8862F0A0-05EC-4EB6-8C27-5DFB31B7E650}"
EndProject
Project("{8BC9CEB8-8B4A-11D0-8D11-00A0C91BC942}") = "4", "дз4\4\4.vcxproj", "{99D0772E-DE03-4E9F-BE02-E3A0F80E9871}"
EndProject
Project("{8BC9CEB8-8B4A-11D0-8D11-00A0C91BC942}") = "5", "дз4\5\5.vcxproj", "{8D0E5FD3-9114-4F16-904F-344197C734A4}"
EndProject
Project("{8BC9CEB8-8B4A-11D0-8D11-00A0C91BC942}") = "6", "дз4\6\6.vcxproj", "{7B46693A-6C7F-4824-BBF8-C2EF8C7943DB}"
EndProject
Project("{8BC9CEB8-8B4A-11D0-8D11-00A0C91BC942}") = "7", "дз4\7\7.vcxproj", "{2A41F5CF-7C8B-4CD0-950D-463B03069074}"
EndProject
Project("{8BC9CEB8-8B4A-11D0-8D11-00A0C91BC942}") = "8", "дз4\8\8.vcxproj", "{8C40ECAE-D7F8-4B90-B6C9-000DE83A5BBE}"
EndProject
Project("{8BC9CEB8-8B4A-11D0-8D11-00A0C91BC942}") = "9", "дз4\9\9.vcxproj", "{A2798DA6-345D-4FBD-B87E-3E60508F9EB2}"
EndProject
Project("{2150E333-8FDC-42A3-9474-1A3956D46DE8}") = "дз5", "дз5", "{25867CBD-C0BB-422F-A0BD-3099D1E206A9}"
EndProject
Project("{8BC9CEB8-8B4A-11D0-8D11-00A0C91BC942}") = "1", "дз5\1\1.vcxproj", "{C13940F6-5039-4347-B6A6-8302D8DA1435}"
EndProject
Project("{8BC9CEB8-8B4A-11D0-8D11-00A0C91BC942}") = "2", "дз5\2\2.vcxproj", "{16654825-ADEA-4896-8A36-207222CA19FB}"
EndProject
Project("{8BC9CEB8-8B4A-11D0-8D11-00A0C91BC942}") = "3.1", "дз5\3\3.vcxproj", "{9CDC91D7-3CB3-4420-B183-A395BFE7794E}"
EndProject
Project("{8BC9CEB8-8B4A-11D0-8D11-00A0C91BC942}") = "3.2", "дз5\3.2\3.2.vcxproj", "{62309C8F-FBED-444C-8F41-9E92A6867405}"
EndProject
Project("{8BC9CEB8-8B4A-11D0-8D11-00A0C91BC942}") = "4.1", "дз5\4.1\4.1.vcxproj", "{CF4C5E51-F612-4915-B421-BDFAD727B134}"
EndProject
Project("{8BC9CEB8-8B4A-11D0-8D11-00A0C91BC942}") = "4.2", "дз5\4.2\4.2.vcxproj", "{575EE3A6-549E-461A-9572-C9BC6602B060}"
EndProject
Project("{8BC9CEB8-8B4A-11D0-8D11-00A0C91BC942}") = "5.1", "дз5\5.1\5.1.vcxproj", "{A4E8E0E9-B95C-488B-AE7D-71BD235D139B}"
EndProject
Project("{8BC9CEB8-8B4A-11D0-8D11-00A0C91BC942}") = "шары", "шары\шары.vcxproj", "{9FD6D74C-6830-4247-8D47-5C730587777E}"
EndProject
Project("{2150E333-8FDC-42A3-9474-1A3956D46DE8}") = "спинеры", "спинеры", "{3768B0F4-893A-4DD3-A14C-8E0D7825F659}"
EndProject
Project("{8BC9CEB8-8B4A-11D0-8D11-00A0C91BC942}") = "1", "спинеры\1\1.vcxproj", "{08EE36AF-9A9B-4A3A-AEF1-3C66E6384F16}"
EndProject
Project("{8BC9CEB8-8B4A-11D0-8D11-00A0C91BC942}") = "2", "спинеры\2\2.vcxproj", "{F6158EBF-E443-4E58-A6C8-10387B311465}"
EndProject
Project("{8BC9CEB8-8B4A-11D0-8D11-00A0C91BC942}") = "3", "спинеры\3\3.vcxproj", "{09AD6C0E-E7C7-4342-94A9-F6855F60BFD3}"
EndProject
Project("{8BC9CEB8-8B4A-11D0-8D11-00A0C91BC942}") = "4", "спинеры\4\4.vcxproj", "{877B866A-5D75-4C4A-A3CC-3E56D563E086}"
EndProject
Project("{8BC9CEB8-8B4A-11D0-8D11-00A0C91BC942}") = "5", "спинеры\5\5.vcxproj", "{FCF610F7-17D7-4208-98CB-F9E9E076CB60}"
EndProject
Project("{8BC9CEB8-8B4A-11D0-8D11-00A0C91BC942}") = "сортировка", "сортировка\сортировка.vcxproj", "{AD7E9A79-4231-4D95-84D9-8391A4610521}"
EndProject
Project("{8BC9CEB8-8B4A-11D0-8D11-00A0C91BC942}") = "game", "sfml\sfml.vcxproj", "{32D11318-8493-4BAB-A186-DDF21299CCB3}"
EndProject
Project("{8BC9CEB8-8B4A-11D0-8D11-00A0C91BC942}") = "Project1", "Project1\Project1.vcxproj", "{99C29CB4-8259-4354-AD92-ABFCA93B80FF}"
EndProject
Global
	GlobalSection(SolutionConfigurationPlatforms) = preSolution
		Debug|x64 = Debug|x64
		Debug|x86 = Debug|x86
		Release|x64 = Release|x64
		Release|x86 = Release|x86
	EndGlobalSection
	GlobalSection(ProjectConfigurationPlatforms) = postSolution
		{5203008E-DBA2-4106-B414-E3A5A0C9B6F6}.Debug|x64.ActiveCfg = Debug|x64
		{5203008E-DBA2-4106-B414-E3A5A0C9B6F6}.Debug|x64.Build.0 = Debug|x64
		{5203008E-DBA2-4106-B414-E3A5A0C9B6F6}.Debug|x86.ActiveCfg = Debug|Win32
		{5203008E-DBA2-4106-B414-E3A5A0C9B6F6}.Debug|x86.Build.0 = Debug|Win32
		{5203008E-DBA2-4106-B414-E3A5A0C9B6F6}.Release|x64.ActiveCfg = Release|x64
		{5203008E-DBA2-4106-B414-E3A5A0C9B6F6}.Release|x64.Build.0 = Release|x64
		{5203008E-DBA2-4106-B414-E3A5A0C9B6F6}.Release|x86.ActiveCfg = Release|Win32
		{5203008E-DBA2-4106-B414-E3A5A0C9B6F6}.Release|x86.Build.0 = Release|Win32
		{F6E7F9E6-7406-44E0-827B-CA529BC1D0F2}.Debug|x64.ActiveCfg = Debug|x64
		{F6E7F9E6-7406-44E0-827B-CA529BC1D0F2}.Debug|x64.Build.0 = Debug|x64
		{F6E7F9E6-7406-44E0-827B-CA529BC1D0F2}.Debug|x86.ActiveCfg = Debug|Win32
		{F6E7F9E6-7406-44E0-827B-CA529BC1D0F2}.Debug|x86.Build.0 = Debug|Win32
		{F6E7F9E6-7406-44E0-827B-CA529BC1D0F2}.Release|x64.ActiveCfg = Release|x64
		{F6E7F9E6-7406-44E0-827B-CA529BC1D0F2}.Release|x64.Build.0 = Release|x64
		{F6E7F9E6-7406-44E0-827B-CA529BC1D0F2}.Release|x86.ActiveCfg = Release|Win32
		{F6E7F9E6-7406-44E0-827B-CA529BC1D0F2}.Release|x86.Build.0 = Release|Win32
		{A9E73D16-EB90-487E-B75E-1471A1B0EB06}.Debug|x64.ActiveCfg = Debug|x64
		{A9E73D16-EB90-487E-B75E-1471A1B0EB06}.Debug|x64.Build.0 = Debug|x64
		{A9E73D16-EB90-487E-B75E-1471A1B0EB06}.Debug|x86.ActiveCfg = Debug|Win32
		{A9E73D16-EB90-487E-B75E-1471A1B0EB06}.Debug|x86.Build.0 = Debug|Win32
		{A9E73D16-EB90-487E-B75E-1471A1B0EB06}.Release|x64.ActiveCfg = Release|x64
		{A9E73D16-EB90-487E-B75E-1471A1B0EB06}.Release|x64.Build.0 = Release|x64
		{A9E73D16-EB90-487E-B75E-1471A1B0EB06}.Release|x86.ActiveCfg = Release|Win32
		{A9E73D16-EB90-487E-B75E-1471A1B0EB06}.Release|x86.Build.0 = Release|Win32
		{B2FD197F-6D38-453C-A625-A33DE7AFEA22}.Debug|x64.ActiveCfg = Debug|x64
		{B2FD197F-6D38-453C-A625-A33DE7AFEA22}.Debug|x64.Build.0 = Debug|x64
		{B2FD197F-6D38-453C-A625-A33DE7AFEA22}.Debug|x86.ActiveCfg = Debug|Win32
		{B2FD197F-6D38-453C-A625-A33DE7AFEA22}.Debug|x86.Build.0 = Debug|Win32
		{B2FD197F-6D38-453C-A625-A33DE7AFEA22}.Release|x64.ActiveCfg = Release|x64
		{B2FD197F-6D38-453C-A625-A33DE7AFEA22}.Release|x64.Build.0 = Release|x64
		{B2FD197F-6D38-453C-A625-A33DE7AFEA22}.Release|x86.ActiveCfg = Release|Win32
		{B2FD197F-6D38-453C-A625-A33DE7AFEA22}.Release|x86.Build.0 = Release|Win32
		{2ECA33B4-0C34-4DF7-AB49-4859968454D4}.Debug|x64.ActiveCfg = Debug|x64
		{2ECA33B4-0C34-4DF7-AB49-4859968454D4}.Debug|x64.Build.0 = Debug|x64
		{2ECA33B4-0C34-4DF7-AB49-4859968454D4}.Debug|x86.ActiveCfg = Debug|Win32
		{2ECA33B4-0C34-4DF7-AB49-4859968454D4}.Debug|x86.Build.0 = Debug|Win32
		{2ECA33B4-0C34-4DF7-AB49-4859968454D4}.Release|x64.ActiveCfg = Release|x64
		{2ECA33B4-0C34-4DF7-AB49-4859968454D4}.Release|x64.Build.0 = Release|x64
		{2ECA33B4-0C34-4DF7-AB49-4859968454D4}.Release|x86.ActiveCfg = Release|Win32
		{2ECA33B4-0C34-4DF7-AB49-4859968454D4}.Release|x86.Build.0 = Release|Win32
		{8D81CA4B-FED4-424B-AB54-93F3EAF4E40F}.Debug|x64.ActiveCfg = Debug|x64
		{8D81CA4B-FED4-424B-AB54-93F3EAF4E40F}.Debug|x64.Build.0 = Debug|x64
		{8D81CA4B-FED4-424B-AB54-93F3EAF4E40F}.Debug|x86.ActiveCfg = Debug|Win32
		{8D81CA4B-FED4-424B-AB54-93F3EAF4E40F}.Debug|x86.Build.0 = Debug|Win32
		{8D81CA4B-FED4-424B-AB54-93F3EAF4E40F}.Release|x64.ActiveCfg = Release|x64
		{8D81CA4B-FED4-424B-AB54-93F3EAF4E40F}.Release|x64.Build.0 = Release|x64
		{8D81CA4B-FED4-424B-AB54-93F3EAF4E40F}.Release|x86.ActiveCfg = Release|Win32
		{8D81CA4B-FED4-424B-AB54-93F3EAF4E40F}.Release|x86.Build.0 = Release|Win32
		{640C39DC-CF7A-4946-B06E-D2F5635C2BA5}.Debug|x64.ActiveCfg = Debug|x64
		{640C39DC-CF7A-4946-B06E-D2F5635C2BA5}.Debug|x64.Build.0 = Debug|x64
		{640C39DC-CF7A-4946-B06E-D2F5635C2BA5}.Debug|x86.ActiveCfg = Debug|Win32
		{640C39DC-CF7A-4946-B06E-D2F5635C2BA5}.Debug|x86.Build.0 = Debug|Win32
		{640C39DC-CF7A-4946-B06E-D2F5635C2BA5}.Release|x64.ActiveCfg = Release|x64
		{640C39DC-CF7A-4946-B06E-D2F5635C2BA5}.Release|x64.Build.0 = Release|x64
		{640C39DC-CF7A-4946-B06E-D2F5635C2BA5}.Release|x86.ActiveCfg = Release|Win32
		{640C39DC-CF7A-4946-B06E-D2F5635C2BA5}.Release|x86.Build.0 = Release|Win32
		{F7762E3A-26BD-4719-943B-F5BD9A8A09A0}.Debug|x64.ActiveCfg = Debug|x64
		{F7762E3A-26BD-4719-943B-F5BD9A8A09A0}.Debug|x64.Build.0 = Debug|x64
		{F7762E3A-26BD-4719-943B-F5BD9A8A09A0}.Debug|x86.ActiveCfg = Debug|Win32
		{F7762E3A-26BD-4719-943B-F5BD9A8A09A0}.Debug|x86.Build.0 = Debug|Win32
		{F7762E3A-26BD-4719-943B-F5BD9A8A09A0}.Release|x64.ActiveCfg = Release|x64
		{F7762E3A-26BD-4719-943B-F5BD9A8A09A0}.Release|x64.Build.0 = Release|x64
		{F7762E3A-26BD-4719-943B-F5BD9A8A09A0}.Release|x86.ActiveCfg = Release|Win32
		{F7762E3A-26BD-4719-943B-F5BD9A8A09A0}.Release|x86.Build.0 = Release|Win32
		{82C18DCD-8A08-41B4-B253-E756B4F5DF43}.Debug|x64.ActiveCfg = Debug|x64
		{82C18DCD-8A08-41B4-B253-E756B4F5DF43}.Debug|x64.Build.0 = Debug|x64
		{82C18DCD-8A08-41B4-B253-E756B4F5DF43}.Debug|x86.ActiveCfg = Debug|Win32
		{82C18DCD-8A08-41B4-B253-E756B4F5DF43}.Debug|x86.Build.0 = Debug|Win32
		{82C18DCD-8A08-41B4-B253-E756B4F5DF43}.Release|x64.ActiveCfg = Release|x64
		{82C18DCD-8A08-41B4-B253-E756B4F5DF43}.Release|x64.Build.0 = Release|x64
		{82C18DCD-8A08-41B4-B253-E756B4F5DF43}.Release|x86.ActiveCfg = Release|Win32
		{82C18DCD-8A08-41B4-B253-E756B4F5DF43}.Release|x86.Build.0 = Release|Win32
		{0BC6B5E5-3B3C-42DC-A630-E8452A50E670}.Debug|x64.ActiveCfg = Debug|x64
		{0BC6B5E5-3B3C-42DC-A630-E8452A50E670}.Debug|x64.Build.0 = Debug|x64
		{0BC6B5E5-3B3C-42DC-A630-E8452A50E670}.Debug|x86.ActiveCfg = Debug|Win32
		{0BC6B5E5-3B3C-42DC-A630-E8452A50E670}.Debug|x86.Build.0 = Debug|Win32
		{0BC6B5E5-3B3C-42DC-A630-E8452A50E670}.Release|x64.ActiveCfg = Release|x64
		{0BC6B5E5-3B3C-42DC-A630-E8452A50E670}.Release|x64.Build.0 = Release|x64
		{0BC6B5E5-3B3C-42DC-A630-E8452A50E670}.Release|x86.ActiveCfg = Release|Win32
		{0BC6B5E5-3B3C-42DC-A630-E8452A50E670}.Release|x86.Build.0 = Release|Win32
		{7898DB78-22AE-43D3-B60A-55AAA17B746E}.Debug|x64.ActiveCfg = Debug|x64
		{7898DB78-22AE-43D3-B60A-55AAA17B746E}.Debug|x64.Build.0 = Debug|x64
		{7898DB78-22AE-43D3-B60A-55AAA17B746E}.Debug|x86.ActiveCfg = Debug|Win32
		{7898DB78-22AE-43D3-B60A-55AAA17B746E}.Debug|x86.Build.0 = Debug|Win32
		{7898DB78-22AE-43D3-B60A-55AAA17B746E}.Release|x64.ActiveCfg = Release|x64
		{7898DB78-22AE-43D3-B60A-55AAA17B746E}.Release|x64.Build.0 = Release|x64
		{7898DB78-22AE-43D3-B60A-55AAA17B746E}.Release|x86.ActiveCfg = Release|Win32
		{7898DB78-22AE-43D3-B60A-55AAA17B746E}.Release|x86.Build.0 = Release|Win32
		{BF1E15D4-671F-4266-9820-62333F10D5D6}.Debug|x64.ActiveCfg = Debug|x64
		{BF1E15D4-671F-4266-9820-62333F10D5D6}.Debug|x64.Build.0 = Debug|x64
		{BF1E15D4-671F-4266-9820-62333F10D5D6}.Debug|x86.ActiveCfg = Debug|Win32
		{BF1E15D4-671F-4266-9820-62333F10D5D6}.Debug|x86.Build.0 = Debug|Win32
		{BF1E15D4-671F-4266-9820-62333F10D5D6}.Release|x64.ActiveCfg = Release|x64
		{BF1E15D4-671F-4266-9820-62333F10D5D6}.Release|x64.Build.0 = Release|x64
		{BF1E15D4-671F-4266-9820-62333F10D5D6}.Release|x86.ActiveCfg = Release|Win32
		{BF1E15D4-671F-4266-9820-62333F10D5D6}.Release|x86.Build.0 = Release|Win32
		{55197E65-A53A-490B-8D59-45F0CC69FB18}.Debug|x64.ActiveCfg = Debug|x64
		{55197E65-A53A-490B-8D59-45F0CC69FB18}.Debug|x64.Build.0 = Debug|x64
		{55197E65-A53A-490B-8D59-45F0CC69FB18}.Debug|x86.ActiveCfg = Debug|Win32
		{55197E65-A53A-490B-8D59-45F0CC69FB18}.Debug|x86.Build.0 = Debug|Win32
		{55197E65-A53A-490B-8D59-45F0CC69FB18}.Release|x64.ActiveCfg = Release|x64
		{55197E65-A53A-490B-8D59-45F0CC69FB18}.Release|x64.Build.0 = Release|x64
		{55197E65-A53A-490B-8D59-45F0CC69FB18}.Release|x86.ActiveCfg = Release|Win32
		{55197E65-A53A-490B-8D59-45F0CC69FB18}.Release|x86.Build.0 = Release|Win32
		{9A484051-8A88-4425-BF06-2DBF32537056}.Debug|x64.ActiveCfg = Debug|x64
		{9A484051-8A88-4425-BF06-2DBF32537056}.Debug|x64.Build.0 = Debug|x64
		{9A484051-8A88-4425-BF06-2DBF32537056}.Debug|x86.ActiveCfg = Debug|Win32
		{9A484051-8A88-4425-BF06-2DBF32537056}.Debug|x86.Build.0 = Debug|Win32
		{9A484051-8A88-4425-BF06-2DBF32537056}.Release|x64.ActiveCfg = Release|x64
		{9A484051-8A88-4425-BF06-2DBF32537056}.Release|x64.Build.0 = Release|x64
		{9A484051-8A88-4425-BF06-2DBF32537056}.Release|x86.ActiveCfg = Release|Win32
		{9A484051-8A88-4425-BF06-2DBF32537056}.Release|x86.Build.0 = Release|Win32
		{7537219D-5CC3-4AF2-B349-07127670DAD9}.Debug|x64.ActiveCfg = Debug|x64
		{7537219D-5CC3-4AF2-B349-07127670DAD9}.Debug|x64.Build.0 = Debug|x64
		{7537219D-5CC3-4AF2-B349-07127670DAD9}.Debug|x86.ActiveCfg = Debug|Win32
		{7537219D-5CC3-4AF2-B349-07127670DAD9}.Debug|x86.Build.0 = Debug|Win32
		{7537219D-5CC3-4AF2-B349-07127670DAD9}.Release|x64.ActiveCfg = Release|x64
		{7537219D-5CC3-4AF2-B349-07127670DAD9}.Release|x64.Build.0 = Release|x64
		{7537219D-5CC3-4AF2-B349-07127670DAD9}.Release|x86.ActiveCfg = Release|Win32
		{7537219D-5CC3-4AF2-B349-07127670DAD9}.Release|x86.Build.0 = Release|Win32
		{52949FFD-E983-402A-8729-6C9F9F65F56D}.Debug|x64.ActiveCfg = Debug|x64
		{52949FFD-E983-402A-8729-6C9F9F65F56D}.Debug|x64.Build.0 = Debug|x64
		{52949FFD-E983-402A-8729-6C9F9F65F56D}.Debug|x86.ActiveCfg = Debug|Win32
		{52949FFD-E983-402A-8729-6C9F9F65F56D}.Debug|x86.Build.0 = Debug|Win32
		{52949FFD-E983-402A-8729-6C9F9F65F56D}.Release|x64.ActiveCfg = Release|x64
		{52949FFD-E983-402A-8729-6C9F9F65F56D}.Release|x64.Build.0 = Release|x64
		{52949FFD-E983-402A-8729-6C9F9F65F56D}.Release|x86.ActiveCfg = Release|Win32
		{52949FFD-E983-402A-8729-6C9F9F65F56D}.Release|x86.Build.0 = Release|Win32
		{2FDD77BC-DB8E-42CE-B131-0C3E876917BD}.Debug|x64.ActiveCfg = Debug|x64
		{2FDD77BC-DB8E-42CE-B131-0C3E876917BD}.Debug|x64.Build.0 = Debug|x64
		{2FDD77BC-DB8E-42CE-B131-0C3E876917BD}.Debug|x86.ActiveCfg = Debug|Win32
		{2FDD77BC-DB8E-42CE-B131-0C3E876917BD}.Debug|x86.Build.0 = Debug|Win32
		{2FDD77BC-DB8E-42CE-B131-0C3E876917BD}.Release|x64.ActiveCfg = Release|x64
		{2FDD77BC-DB8E-42CE-B131-0C3E876917BD}.Release|x64.Build.0 = Release|x64
		{2FDD77BC-DB8E-42CE-B131-0C3E876917BD}.Release|x86.ActiveCfg = Release|Win32
		{2FDD77BC-DB8E-42CE-B131-0C3E876917BD}.Release|x86.Build.0 = Release|Win32
		{8862F0A0-05EC-4EB6-8C27-5DFB31B7E650}.Debug|x64.ActiveCfg = Debug|x64
		{8862F0A0-05EC-4EB6-8C27-5DFB31B7E650}.Debug|x64.Build.0 = Debug|x64
		{8862F0A0-05EC-4EB6-8C27-5DFB31B7E650}.Debug|x86.ActiveCfg = Debug|Win32
		{8862F0A0-05EC-4EB6-8C27-5DFB31B7E650}.Debug|x86.Build.0 = Debug|Win32
		{8862F0A0-05EC-4EB6-8C27-5DFB31B7E650}.Release|x64.ActiveCfg = Release|x64
		{8862F0A0-05EC-4EB6-8C27-5DFB31B7E650}.Release|x64.Build.0 = Release|x64
		{8862F0A0-05EC-4EB6-8C27-5DFB31B7E650}.Release|x86.ActiveCfg = Release|Win32
		{8862F0A0-05EC-4EB6-8C27-5DFB31B7E650}.Release|x86.Build.0 = Release|Win32
		{99D0772E-DE03-4E9F-BE02-E3A0F80E9871}.Debug|x64.ActiveCfg = Debug|x64
		{99D0772E-DE03-4E9F-BE02-E3A0F80E9871}.Debug|x64.Build.0 = Debug|x64
		{99D0772E-DE03-4E9F-BE02-E3A0F80E9871}.Debug|x86.ActiveCfg = Debug|Win32
		{99D0772E-DE03-4E9F-BE02-E3A0F80E9871}.Debug|x86.Build.0 = Debug|Win32
		{99D0772E-DE03-4E9F-BE02-E3A0F80E9871}.Release|x64.ActiveCfg = Release|x64
		{99D0772E-DE03-4E9F-BE02-E3A0F80E9871}.Release|x64.Build.0 = Release|x64
		{99D0772E-DE03-4E9F-BE02-E3A0F80E9871}.Release|x86.ActiveCfg = Release|Win32
		{99D0772E-DE03-4E9F-BE02-E3A0F80E9871}.Release|x86.Build.0 = Release|Win32
		{8D0E5FD3-9114-4F16-904F-344197C734A4}.Debug|x64.ActiveCfg = Debug|x64
		{8D0E5FD3-9114-4F16-904F-344197C734A4}.Debug|x64.Build.0 = Debug|x64
		{8D0E5FD3-9114-4F16-904F-344197C734A4}.Debug|x86.ActiveCfg = Debug|Win32
		{8D0E5FD3-9114-4F16-904F-344197C734A4}.Debug|x86.Build.0 = Debug|Win32
		{8D0E5FD3-9114-4F16-904F-344197C734A4}.Release|x64.ActiveCfg = Release|x64
		{8D0E5FD3-9114-4F16-904F-344197C734A4}.Release|x64.Build.0 = Release|x64
		{8D0E5FD3-9114-4F16-904F-344197C734A4}.Release|x86.ActiveCfg = Release|Win32
		{8D0E5FD3-9114-4F16-904F-344197C734A4}.Release|x86.Build.0 = Release|Win32
		{7B46693A-6C7F-4824-BBF8-C2EF8C7943DB}.Debug|x64.ActiveCfg = Debug|x64
		{7B46693A-6C7F-4824-BBF8-C2EF8C7943DB}.Debug|x64.Build.0 = Debug|x64
		{7B46693A-6C7F-4824-BBF8-C2EF8C7943DB}.Debug|x86.ActiveCfg = Debug|Win32
		{7B46693A-6C7F-4824-BBF8-C2EF8C7943DB}.Debug|x86.Build.0 = Debug|Win32
		{7B46693A-6C7F-4824-BBF8-C2EF8C7943DB}.Release|x64.ActiveCfg = Release|x64
		{7B46693A-6C7F-4824-BBF8-C2EF8C7943DB}.Release|x64.Build.0 = Release|x64
		{7B46693A-6C7F-4824-BBF8-C2EF8C7943DB}.Release|x86.ActiveCfg = Release|Win32
		{7B46693A-6C7F-4824-BBF8-C2EF8C7943DB}.Release|x86.Build.0 = Release|Win32
		{2A41F5CF-7C8B-4CD0-950D-463B03069074}.Debug|x64.ActiveCfg = Debug|x64
		{2A41F5CF-7C8B-4CD0-950D-463B03069074}.Debug|x64.Build.0 = Debug|x64
		{2A41F5CF-7C8B-4CD0-950D-463B03069074}.Debug|x86.ActiveCfg = Debug|Win32
		{2A41F5CF-7C8B-4CD0-950D-463B03069074}.Debug|x86.Build.0 = Debug|Win32
		{2A41F5CF-7C8B-4CD0-950D-463B03069074}.Release|x64.ActiveCfg = Release|x64
		{2A41F5CF-7C8B-4CD0-950D-463B03069074}.Release|x64.Build.0 = Release|x64
		{2A41F5CF-7C8B-4CD0-950D-463B03069074}.Release|x86.ActiveCfg = Release|Win32
		{2A41F5CF-7C8B-4CD0-950D-463B03069074}.Release|x86.Build.0 = Release|Win32
		{8C40ECAE-D7F8-4B90-B6C9-000DE83A5BBE}.Debug|x64.ActiveCfg = Debug|x64
		{8C40ECAE-D7F8-4B90-B6C9-000DE83A5BBE}.Debug|x64.Build.0 = Debug|x64
		{8C40ECAE-D7F8-4B90-B6C9-000DE83A5BBE}.Debug|x86.ActiveCfg = Debug|Win32
		{8C40ECAE-D7F8-4B90-B6C9-000DE83A5BBE}.Debug|x86.Build.0 = Debug|Win32
		{8C40ECAE-D7F8-4B90-B6C9-000DE83A5BBE}.Release|x64.ActiveCfg = Release|x64
		{8C40ECAE-D7F8-4B90-B6C9-000DE83A5BBE}.Release|x64.Build.0 = Release|x64
		{8C40ECAE-D7F8-4B90-B6C9-000DE83A5BBE}.Release|x86.ActiveCfg = Release|Win32
		{8C40ECAE-D7F8-4B90-B6C9-000DE83A5BBE}.Release|x86.Build.0 = Release|Win32
		{A2798DA6-345D-4FBD-B87E-3E60508F9EB2}.Debug|x64.ActiveCfg = Debug|x64
		{A2798DA6-345D-4FBD-B87E-3E60508F9EB2}.Debug|x64.Build.0 = Debug|x64
		{A2798DA6-345D-4FBD-B87E-3E60508F9EB2}.Debug|x86.ActiveCfg = Debug|Win32
		{A2798DA6-345D-4FBD-B87E-3E60508F9EB2}.Debug|x86.Build.0 = Debug|Win32
		{A2798DA6-345D-4FBD-B87E-3E60508F9EB2}.Release|x64.ActiveCfg = Release|x64
		{A2798DA6-345D-4FBD-B87E-3E60508F9EB2}.Release|x64.Build.0 = Release|x64
		{A2798DA6-345D-4FBD-B87E-3E60508F9EB2}.Release|x86.ActiveCfg = Release|Win32
		{A2798DA6-345D-4FBD-B87E-3E60508F9EB2}.Release|x86.Build.0 = Release|Win32
		{C13940F6-5039-4347-B6A6-8302D8DA1435}.Debug|x64.ActiveCfg = Debug|x64
		{C13940F6-5039-4347-B6A6-8302D8DA1435}.Debug|x64.Build.0 = Debug|x64
		{C13940F6-5039-4347-B6A6-8302D8DA1435}.Debug|x86.ActiveCfg = Debug|Win32
		{C13940F6-5039-4347-B6A6-8302D8DA1435}.Debug|x86.Build.0 = Debug|Win32
		{C13940F6-5039-4347-B6A6-8302D8DA1435}.Release|x64.ActiveCfg = Release|x64
		{C13940F6-5039-4347-B6A6-8302D8DA1435}.Release|x64.Build.0 = Release|x64
		{C13940F6-5039-4347-B6A6-8302D8DA1435}.Release|x86.ActiveCfg = Release|Win32
		{C13940F6-5039-4347-B6A6-8302D8DA1435}.Release|x86.Build.0 = Release|Win32
		{16654825-ADEA-4896-8A36-207222CA19FB}.Debug|x64.ActiveCfg = Debug|x64
		{16654825-ADEA-4896-8A36-207222CA19FB}.Debug|x64.Build.0 = Debug|x64
		{16654825-ADEA-4896-8A36-207222CA19FB}.Debug|x86.ActiveCfg = Debug|Win32
		{16654825-ADEA-4896-8A36-207222CA19FB}.Debug|x86.Build.0 = Debug|Win32
		{16654825-ADEA-4896-8A36-207222CA19FB}.Release|x64.ActiveCfg = Release|x64
		{16654825-ADEA-4896-8A36-207222CA19FB}.Release|x64.Build.0 = Release|x64
		{16654825-ADEA-4896-8A36-207222CA19FB}.Release|x86.ActiveCfg = Release|Win32
		{16654825-ADEA-4896-8A36-207222CA19FB}.Release|x86.Build.0 = Release|Win32
		{9CDC91D7-3CB3-4420-B183-A395BFE7794E}.Debug|x64.ActiveCfg = Debug|x64
		{9CDC91D7-3CB3-4420-B183-A395BFE7794E}.Debug|x64.Build.0 = Debug|x64
		{9CDC91D7-3CB3-4420-B183-A395BFE7794E}.Debug|x86.ActiveCfg = Debug|Win32
		{9CDC91D7-3CB3-4420-B183-A395BFE7794E}.Debug|x86.Build.0 = Debug|Win32
		{9CDC91D7-3CB3-4420-B183-A395BFE7794E}.Release|x64.ActiveCfg = Release|x64
		{9CDC91D7-3CB3-4420-B183-A395BFE7794E}.Release|x64.Build.0 = Release|x64
		{9CDC91D7-3CB3-4420-B183-A395BFE7794E}.Release|x86.ActiveCfg = Release|Win32
		{9CDC91D7-3CB3-4420-B183-A395BFE7794E}.Release|x86.Build.0 = Release|Win32
		{62309C8F-FBED-444C-8F41-9E92A6867405}.Debug|x64.ActiveCfg = Debug|x64
		{62309C8F-FBED-444C-8F41-9E92A6867405}.Debug|x64.Build.0 = Debug|x64
		{62309C8F-FBED-444C-8F41-9E92A6867405}.Debug|x86.ActiveCfg = Debug|Win32
		{62309C8F-FBED-444C-8F41-9E92A6867405}.Debug|x86.Build.0 = Debug|Win32
		{62309C8F-FBED-444C-8F41-9E92A6867405}.Release|x64.ActiveCfg = Release|x64
		{62309C8F-FBED-444C-8F41-9E92A6867405}.Release|x64.Build.0 = Release|x64
		{62309C8F-FBED-444C-8F41-9E92A6867405}.Release|x86.ActiveCfg = Release|Win32
		{62309C8F-FBED-444C-8F41-9E92A6867405}.Release|x86.Build.0 = Release|Win32
		{CF4C5E51-F612-4915-B421-BDFAD727B134}.Debug|x64.ActiveCfg = Debug|x64
		{CF4C5E51-F612-4915-B421-BDFAD727B134}.Debug|x64.Build.0 = Debug|x64
		{CF4C5E51-F612-4915-B421-BDFAD727B134}.Debug|x86.ActiveCfg = Debug|Win32
		{CF4C5E51-F612-4915-B421-BDFAD727B134}.Debug|x86.Build.0 = Debug|Win32
		{CF4C5E51-F612-4915-B421-BDFAD727B134}.Release|x64.ActiveCfg = Release|x64
		{CF4C5E51-F612-4915-B421-BDFAD727B134}.Release|x64.Build.0 = Release|x64
		{CF4C5E51-F612-4915-B421-BDFAD727B134}.Release|x86.ActiveCfg = Release|Win32
		{CF4C5E51-F612-4915-B421-BDFAD727B134}.Release|x86.Build.0 = Release|Win32
		{575EE3A6-549E-461A-9572-C9BC6602B060}.Debug|x64.ActiveCfg = Debug|x64
		{575EE3A6-549E-461A-9572-C9BC6602B060}.Debug|x64.Build.0 = Debug|x64
		{575EE3A6-549E-461A-9572-C9BC6602B060}.Debug|x86.ActiveCfg = Debug|Win32
		{575EE3A6-549E-461A-9572-C9BC6602B060}.Debug|x86.Build.0 = Debug|Win32
		{575EE3A6-549E-461A-9572-C9BC6602B060}.Release|x64.ActiveCfg = Release|x64
		{575EE3A6-549E-461A-9572-C9BC6602B060}.Release|x64.Build.0 = Release|x64
		{575EE3A6-549E-461A-9572-C9BC6602B060}.Release|x86.ActiveCfg = Release|Win32
		{575EE3A6-549E-461A-9572-C9BC6602B060}.Release|x86.Build.0 = Release|Win32
		{A4E8E0E9-B95C-488B-AE7D-71BD235D139B}.Debug|x64.ActiveCfg = Debug|x64
		{A4E8E0E9-B95C-488B-AE7D-71BD235D139B}.Debug|x64.Build.0 = Debug|x64
		{A4E8E0E9-B95C-488B-AE7D-71BD235D139B}.Debug|x86.ActiveCfg = Debug|Win32
		{A4E8E0E9-B95C-488B-AE7D-71BD235D139B}.Debug|x86.Build.0 = Debug|Win32
		{A4E8E0E9-B95C-488B-AE7D-71BD235D139B}.Release|x64.ActiveCfg = Release|x64
		{A4E8E0E9-B95C-488B-AE7D-71BD235D139B}.Release|x64.Build.0 = Release|x64
		{A4E8E0E9-B95C-488B-AE7D-71BD235D139B}.Release|x86.ActiveCfg = Release|Win32
		{A4E8E0E9-B95C-488B-AE7D-71BD235D139B}.Release|x86.Build.0 = Release|Win32
		{9FD6D74C-6830-4247-8D47-5C730587777E}.Debug|x64.ActiveCfg = Debug|x64
		{9FD6D74C-6830-4247-8D47-5C730587777E}.Debug|x64.Build.0 = Debug|x64
		{9FD6D74C-6830-4247-8D47-5C730587777E}.Debug|x86.ActiveCfg = Debug|Win32
		{9FD6D74C-6830-4247-8D47-5C730587777E}.Debug|x86.Build.0 = Debug|Win32
		{9FD6D74C-6830-4247-8D47-5C730587777E}.Release|x64.ActiveCfg = Release|x64
		{9FD6D74C-6830-4247-8D47-5C730587777E}.Release|x64.Build.0 = Release|x64
		{9FD6D74C-6830-4247-8D47-5C730587777E}.Release|x86.ActiveCfg = Release|Win32
		{9FD6D74C-6830-4247-8D47-5C730587777E}.Release|x86.Build.0 = Release|Win32
		{08EE36AF-9A9B-4A3A-AEF1-3C66E6384F16}.Debug|x64.ActiveCfg = Debug|x64
		{08EE36AF-9A9B-4A3A-AEF1-3C66E6384F16}.Debug|x64.Build.0 = Debug|x64
		{08EE36AF-9A9B-4A3A-AEF1-3C66E6384F16}.Debug|x86.ActiveCfg = Debug|Win32
		{08EE36AF-9A9B-4A3A-AEF1-3C66E6384F16}.Debug|x86.Build.0 = Debug|Win32
		{08EE36AF-9A9B-4A3A-AEF1-3C66E6384F16}.Release|x64.ActiveCfg = Release|x64
		{08EE36AF-9A9B-4A3A-AEF1-3C66E6384F16}.Release|x64.Build.0 = Release|x64
		{08EE36AF-9A9B-4A3A-AEF1-3C66E6384F16}.Release|x86.ActiveCfg = Release|Win32
		{08EE36AF-9A9B-4A3A-AEF1-3C66E6384F16}.Release|x86.Build.0 = Release|Win32
		{F6158EBF-E443-4E58-A6C8-10387B311465}.Debug|x64.ActiveCfg = Debug|x64
		{F6158EBF-E443-4E58-A6C8-10387B311465}.Debug|x64.Build.0 = Debug|x64
		{F6158EBF-E443-4E58-A6C8-10387B311465}.Debug|x86.ActiveCfg = Debug|Win32
		{F6158EBF-E443-4E58-A6C8-10387B311465}.Debug|x86.Build.0 = Debug|Win32
		{F6158EBF-E443-4E58-A6C8-10387B311465}.Release|x64.ActiveCfg = Release|x64
		{F6158EBF-E443-4E58-A6C8-10387B311465}.Release|x64.Build.0 = Release|x64
		{F6158EBF-E443-4E58-A6C8-10387B311465}.Release|x86.ActiveCfg = Release|Win32
		{F6158EBF-E443-4E58-A6C8-10387B311465}.Release|x86.Build.0 = Release|Win32
		{09AD6C0E-E7C7-4342-94A9-F6855F60BFD3}.Debug|x64.ActiveCfg = Debug|x64
		{09AD6C0E-E7C7-4342-94A9-F6855F60BFD3}.Debug|x64.Build.0 = Debug|x64
		{09AD6C0E-E7C7-4342-94A9-F6855F60BFD3}.Debug|x86.ActiveCfg = Debug|Win32
		{09AD6C0E-E7C7-4342-94A9-F6855F60BFD3}.Debug|x86.Build.0 = Debug|Win32
		{09AD6C0E-E7C7-4342-94A9-F6855F60BFD3}.Release|x64.ActiveCfg = Release|x64
		{09AD6C0E-E7C7-4342-94A9-F6855F60BFD3}.Release|x64.Build.0 = Release|x64
		{09AD6C0E-E7C7-4342-94A9-F6855F60BFD3}.Release|x86.ActiveCfg = Release|Win32
		{09AD6C0E-E7C7-4342-94A9-F6855F60BFD3}.Release|x86.Build.0 = Release|Win32
		{877B866A-5D75-4C4A-A3CC-3E56D563E086}.Debug|x64.ActiveCfg = Debug|x64
		{877B866A-5D75-4C4A-A3CC-3E56D563E086}.Debug|x64.Build.0 = Debug|x64
		{877B866A-5D75-4C4A-A3CC-3E56D563E086}.Debug|x86.ActiveCfg = Debug|Win32
		{877B866A-5D75-4C4A-A3CC-3E56D563E086}.Debug|x86.Build.0 = Debug|Win32
		{877B866A-5D75-4C4A-A3CC-3E56D563E086}.Release|x64.ActiveCfg = Release|x64
		{877B866A-5D75-4C4A-A3CC-3E56D563E086}.Release|x64.Build.0 = Release|x64
		{877B866A-5D75-4C4A-A3CC-3E56D563E086}.Release|x86.ActiveCfg = Release|Win32
		{877B866A-5D75-4C4A-A3CC-3E56D563E086}.Release|x86.Build.0 = Release|Win32
		{FCF610F7-17D7-4208-98CB-F9E9E076CB60}.Debug|x64.ActiveCfg = Debug|x64
		{FCF610F7-17D7-4208-98CB-F9E9E076CB60}.Debug|x64.Build.0 = Debug|x64
		{FCF610F7-17D7-4208-98CB-F9E9E076CB60}.Debug|x86.ActiveCfg = Debug|Win32
		{FCF610F7-17D7-4208-98CB-F9E9E076CB60}.Debug|x86.Build.0 = Debug|Win32
		{FCF610F7-17D7-4208-98CB-F9E9E076CB60}.Release|x64.ActiveCfg = Release|x64
		{FCF610F7-17D7-4208-98CB-F9E9E076CB60}.Release|x64.Build.0 = Release|x64
		{FCF610F7-17D7-4208-98CB-F9E9E076CB60}.Release|x86.ActiveCfg = Release|Win32
		{FCF610F7-17D7-4208-98CB-F9E9E076CB60}.Release|x86.Build.0 = Release|Win32
		{AD7E9A79-4231-4D95-84D9-8391A4610521}.Debug|x64.ActiveCfg = Debug|x64
		{AD7E9A79-4231-4D95-84D9-8391A4610521}.Debug|x64.Build.0 = Debug|x64
		{AD7E9A79-4231-4D95-84D9-8391A4610521}.Debug|x86.ActiveCfg = Debug|Win32
		{AD7E9A79-4231-4D95-84D9-8391A4610521}.Debug|x86.Build.0 = Debug|Win32
		{AD7E9A79-4231-4D95-84D9-8391A4610521}.Release|x64.ActiveCfg = Release|x64
		{AD7E9A79-4231-4D95-84D9-8391A4610521}.Release|x64.Build.0 = Release|x64
		{AD7E9A79-4231-4D95-84D9-8391A4610521}.Release|x86.ActiveCfg = Release|Win32
		{AD7E9A79-4231-4D95-84D9-8391A4610521}.Release|x86.Build.0 = Release|Win32
		{32D11318-8493-4BAB-A186-DDF21299CCB3}.Debug|x64.ActiveCfg = Debug|x64
		{32D11318-8493-4BAB-A186-DDF21299CCB3}.Debug|x64.Build.0 = Debug|x64
		{32D11318-8493-4BAB-A186-DDF21299CCB3}.Debug|x86.ActiveCfg = Debug|Win32
		{32D11318-8493-4BAB-A186-DDF21299CCB3}.Debug|x86.Build.0 = Debug|Win32
		{32D11318-8493-4BAB-A186-DDF21299CCB3}.Release|x64.ActiveCfg = Release|x64
		{32D11318-8493-4BAB-A186-DDF21299CCB3}.Release|x64.Build.0 = Release|x64
		{32D11318-8493-4BAB-A186-DDF21299CCB3}.Release|x86.ActiveCfg = Release|Win32
		{32D11318-8493-4BAB-A186-DDF21299CCB3}.Release|x86.Build.0 = Release|Win32
		{99C29CB4-8259-4354-AD92-ABFCA93B80FF}.Debug|x64.ActiveCfg = Debug|x64
		{99C29CB4-8259-4354-AD92-ABFCA93B80FF}.Debug|x64.Build.0 = Debug|x64
		{99C29CB4-8259-4354-AD92-ABFCA93B80FF}.Debug|x86.ActiveCfg = Debug|Win32
		{99C29CB4-8259-4354-AD92-ABFCA93B80FF}.Debug|x86.Build.0 = Debug|Win32
		{99C29CB4-8259-4354-AD92-ABFCA93B80FF}.Release|x64.ActiveCfg = Release|x64
		{99C29CB4-8259-4354-AD92-ABFCA93B80FF}.Release|x64.Build.0 = Release|x64
		{99C29CB4-8259-4354-AD92-ABFCA93B80FF}.Release|x86.ActiveCfg = Release|Win32
		{99C29CB4-8259-4354-AD92-ABFCA93B80FF}.Release|x86.Build.0 = Release|Win32
	EndGlobalSection
	GlobalSection(SolutionProperties) = preSolution
		HideSolutionNode = FALSE
	EndGlobalSection
	GlobalSection(NestedProjects) = preSolution
		{5203008E-DBA2-4106-B414-E3A5A0C9B6F6} = {59B97C9F-3477-4BB9-997A-C44E0D8F75FD}
		{F6E7F9E6-7406-44E0-827B-CA529BC1D0F2} = {59B97C9F-3477-4BB9-997A-C44E0D8F75FD}
		{A9E73D16-EB90-487E-B75E-1471A1B0EB06} = {59B97C9F-3477-4BB9-997A-C44E0D8F75FD}
		{B2FD197F-6D38-453C-A625-A33DE7AFEA22} = {59B97C9F-3477-4BB9-997A-C44E0D8F75FD}
		{2ECA33B4-0C34-4DF7-AB49-4859968454D4} = {59B97C9F-3477-4BB9-997A-C44E0D8F75FD}
		{8D81CA4B-FED4-424B-AB54-93F3EAF4E40F} = {4B94E9F5-6561-404B-B050-5240F3BC5451}
		{640C39DC-CF7A-4946-B06E-D2F5635C2BA5} = {4B94E9F5-6561-404B-B050-5240F3BC5451}
		{F7762E3A-26BD-4719-943B-F5BD9A8A09A0} = {4B94E9F5-6561-404B-B050-5240F3BC5451}
		{82C18DCD-8A08-41B4-B253-E756B4F5DF43} = {4B94E9F5-6561-404B-B050-5240F3BC5451}
		{0BC6B5E5-3B3C-42DC-A630-E8452A50E670} = {4B94E9F5-6561-404B-B050-5240F3BC5451}
		{7898DB78-22AE-43D3-B60A-55AAA17B746E} = {D4F31786-7249-4272-BDA3-A11ADCAC04C8}
		{BF1E15D4-671F-4266-9820-62333F10D5D6} = {D4F31786-7249-4272-BDA3-A11ADCAC04C8}
		{55197E65-A53A-490B-8D59-45F0CC69FB18} = {D4F31786-7249-4272-BDA3-A11ADCAC04C8}
		{9A484051-8A88-4425-BF06-2DBF32537056} = {D4F31786-7249-4272-BDA3-A11ADCAC04C8}
		{7537219D-5CC3-4AF2-B349-07127670DAD9} = {D4F31786-7249-4272-BDA3-A11ADCAC04C8}
		{52949FFD-E983-402A-8729-6C9F9F65F56D} = {16366A71-000D-4140-BF56-41291F6402D1}
		{2FDD77BC-DB8E-42CE-B131-0C3E876917BD} = {16366A71-000D-4140-BF56-41291F6402D1}
		{8862F0A0-05EC-4EB6-8C27-5DFB31B7E650} = {16366A71-000D-4140-BF56-41291F6402D1}
		{99D0772E-DE03-4E9F-BE02-E3A0F80E9871} = {16366A71-000D-4140-BF56-41291F6402D1}
		{8D0E5FD3-9114-4F16-904F-344197C734A4} = {16366A71-000D-4140-BF56-41291F6402D1}
		{7B46693A-6C7F-4824-BBF8-C2EF8C7943DB} = {16366A71-000D-4140-BF56-41291F6402D1}
		{2A41F5CF-7C8B-4CD0-950D-463B03069074} = {16366A71-000D-4140-BF56-41291F6402D1}
		{8C40ECAE-D7F8-4B90-B6C9-000DE83A5BBE} = {16366A71-000D-4140-BF56-41291F6402D1}
		{A2798DA6-345D-4FBD-B87E-3E60508F9EB2} = {16366A71-000D-4140-BF56-41291F6402D1}
		{C13940F6-5039-4347-B6A6-8302D8DA1435} = {25867CBD-C0BB-422F-A0BD-3099D1E206A9}
		{16654825-ADEA-4896-8A36-207222CA19FB} = {25867CBD-C0BB-422F-A0BD-3099D1E206A9}
		{9CDC91D7-3CB3-4420-B183-A395BFE7794E} = {25867CBD-C0BB-422F-A0BD-3099D1E206A9}
		{62309C8F-FBED-444C-8F41-9E92A6867405} = {25867CBD-C0BB-422F-A0BD-3099D1E206A9}
		{CF4C5E51-F612-4915-B421-BDFAD727B134} = {25867CBD-C0BB-422F-A0BD-3099D1E206A9}
		{575EE3A6-549E-461A-9572-C9BC6602B060} = {25867CBD-C0BB-422F-A0BD-3099D1E206A9}
		{A4E8E0E9-B95C-488B-AE7D-71BD235D139B} = {25867CBD-C0BB-422F-A0BD-3099D1E206A9}
		{08EE36AF-9A9B-4A3A-AEF1-3C66E6384F16} = {3768B0F4-893A-4DD3-A14C-8E0D7825F659}
		{F6158EBF-E443-4E58-A6C8-10387B311465} = {3768B0F4-893A-4DD3-A14C-8E0D7825F659}
		{09AD6C0E-E7C7-4342-94A9-F6855F60BFD3} = {3768B0F4-893A-4DD3-A14C-8E0D7825F659}
		{877B866A-5D75-4C4A-A3CC-3E56D563E086} = {3768B0F4-893A-4DD3-A14C-8E0D7825F659}
		{FCF610F7-17D7-4208-98CB-F9E9E076CB60} = {3768B0F4-893A-4DD3-A14C-8E0D7825F659}
	EndGlobalSection
	GlobalSection(ExtensibilityGlobals) = postSolution
		SolutionGuid = {D83ECCF5-F920-44FF-AF60-BA6C15E86F46}
	EndGlobalSection
EndGlobal
